# THIS IS AN AUTOGENERATED FILE. DO NOT EDIT THIS FILE DIRECTLY.
# yarn lockfile v1


"@ampproject/remapping@^2.2.0":
  version "2.2.1"
  resolved "http://npm.devops.xiaohongshu.com:7001/@ampproject/remapping/download/@ampproject/remapping-2.2.1.tgz"
  integrity sha1-mejhGFESi4cCzVfDNoTx0PJgtjA=
  dependencies:
    "@jridgewell/gen-mapping" "^0.3.0"
    "@jridgewell/trace-mapping" "^0.3.9"

"@babel/code-frame@^7.22.5":
  version "7.22.5"
  resolved "http://npm.devops.xiaohongshu.com:7001/@babel/code-frame/download/@babel/code-frame-7.22.5.tgz"
  integrity sha1-I02Y4VUZYGBPEkbmR1iRpXCtVlg=
  dependencies:
    "@babel/highlight" "^7.22.5"

"@babel/compat-data@^7.22.5":
  version "7.22.5"
  resolved "http://npm.devops.xiaohongshu.com:7001/@babel/compat-data/download/@babel/compat-data-7.22.5.tgz"
  integrity sha1-sfbIagLYXS3TNoorZ8Ca3YzQwlU=

"@babel/core@^7.0.0", "@babel/core@^7.0.0-0", "@babel/core@^7.17.10":
  version "7.22.5"
  resolved "http://npm.devops.xiaohongshu.com:7001/@babel/core/download/@babel/core-7.22.5.tgz"
  integrity sha1-1n2XR+zybufs0+uuHuIiJf6QKok=
  dependencies:
    "@ampproject/remapping" "^2.2.0"
    "@babel/code-frame" "^7.22.5"
    "@babel/generator" "^7.22.5"
    "@babel/helper-compilation-targets" "^7.22.5"
    "@babel/helper-module-transforms" "^7.22.5"
    "@babel/helpers" "^7.22.5"
    "@babel/parser" "^7.22.5"
    "@babel/template" "^7.22.5"
    "@babel/traverse" "^7.22.5"
    "@babel/types" "^7.22.5"
    convert-source-map "^1.7.0"
    debug "^4.1.0"
    gensync "^1.0.0-beta.2"
    json5 "^2.2.2"
    semver "^6.3.0"

"@babel/generator@^7.22.5":
  version "7.22.5"
  resolved "http://npm.devops.xiaohongshu.com:7001/@babel/generator/download/@babel/generator-7.22.5.tgz"
  integrity sha1-Hnv3aGiKz7Bc8wsjae+FXoLZhPc=
  dependencies:
    "@babel/types" "^7.22.5"
    "@jridgewell/gen-mapping" "^0.3.2"
    "@jridgewell/trace-mapping" "^0.3.17"
    jsesc "^2.5.1"

"@babel/helper-annotate-as-pure@^7.22.5":
  version "7.22.5"
  resolved "http://npm.devops.xiaohongshu.com:7001/@babel/helper-annotate-as-pure/download/@babel/helper-annotate-as-pure-7.22.5.tgz"
  integrity sha1-5/BnN7GX1YCgHt912X4si+mdOII=
  dependencies:
    "@babel/types" "^7.22.5"

"@babel/helper-compilation-targets@^7.22.5":
  version "7.22.5"
  resolved "http://npm.devops.xiaohongshu.com:7001/@babel/helper-compilation-targets/download/@babel/helper-compilation-targets-7.22.5.tgz"
  integrity sha1-/HMZ/FTF4voUspCc88X9MEaBPgI=
  dependencies:
    "@babel/compat-data" "^7.22.5"
    "@babel/helper-validator-option" "^7.22.5"
    browserslist "^4.21.3"
    lru-cache "^5.1.1"
    semver "^6.3.0"

"@babel/helper-environment-visitor@^7.22.5":
  version "7.22.5"
  resolved "http://npm.devops.xiaohongshu.com:7001/@babel/helper-environment-visitor/download/@babel/helper-environment-visitor-7.22.5.tgz"
  integrity sha1-8G3UG3wfROH42mxAVbQas6Cafpg=

"@babel/helper-function-name@^7.22.5":
  version "7.22.5"
  resolved "http://npm.devops.xiaohongshu.com:7001/@babel/helper-function-name/download/@babel/helper-function-name-7.22.5.tgz"
  integrity sha1-7eMAgokFuxXlgsA3Fi+Z1Rg68b4=
  dependencies:
    "@babel/template" "^7.22.5"
    "@babel/types" "^7.22.5"

"@babel/helper-hoist-variables@^7.22.5":
  version "7.22.5"
  resolved "http://npm.devops.xiaohongshu.com:7001/@babel/helper-hoist-variables/download/@babel/helper-hoist-variables-7.22.5.tgz"
  integrity sha1-wBoAfawFwIWRTo+2UrM521DYI7s=
  dependencies:
    "@babel/types" "^7.22.5"

"@babel/helper-module-imports@^7.22.5":
  version "7.22.5"
  resolved "http://npm.devops.xiaohongshu.com:7001/@babel/helper-module-imports/download/@babel/helper-module-imports-7.22.5.tgz"
  integrity sha1-Go9Mn0An0j9SC9drNk1EQ0pyZgw=
  dependencies:
    "@babel/types" "^7.22.5"

"@babel/helper-module-transforms@^7.22.5":
  version "7.22.5"
  resolved "http://npm.devops.xiaohongshu.com:7001/@babel/helper-module-transforms/download/@babel/helper-module-transforms-7.22.5.tgz"
  integrity sha1-D2XaoHFpYbbpaxZANOc39gqA0u8=
  dependencies:
    "@babel/helper-environment-visitor" "^7.22.5"
    "@babel/helper-module-imports" "^7.22.5"
    "@babel/helper-simple-access" "^7.22.5"
    "@babel/helper-split-export-declaration" "^7.22.5"
    "@babel/helper-validator-identifier" "^7.22.5"
    "@babel/template" "^7.22.5"
    "@babel/traverse" "^7.22.5"
    "@babel/types" "^7.22.5"

"@babel/helper-plugin-utils@^7.19.0", "@babel/helper-plugin-utils@^7.20.2", "@babel/helper-plugin-utils@^7.22.5":
  version "7.22.5"
  resolved "http://npm.devops.xiaohongshu.com:7001/@babel/helper-plugin-utils/download/@babel/helper-plugin-utils-7.22.5.tgz"
  integrity sha1-3X7jc16KMTufewWnc9iS6I5tcpU=

"@babel/helper-simple-access@^7.22.5":
  version "7.22.5"
  resolved "http://npm.devops.xiaohongshu.com:7001/@babel/helper-simple-access/download/@babel/helper-simple-access-7.22.5.tgz"
  integrity sha1-STg1fcfXgrgO1tuwOg+6PSKx1d4=
  dependencies:
    "@babel/types" "^7.22.5"

"@babel/helper-split-export-declaration@^7.22.5":
  version "7.22.5"
  resolved "http://npm.devops.xiaohongshu.com:7001/@babel/helper-split-export-declaration/download/@babel/helper-split-export-declaration-7.22.5.tgz"
  integrity sha1-iM8RBQ7ble0I1Zb3oERGIYkSegg=
  dependencies:
    "@babel/types" "^7.22.5"

"@babel/helper-string-parser@^7.22.5":
  version "7.22.5"
  resolved "http://npm.devops.xiaohongshu.com:7001/@babel/helper-string-parser/download/@babel/helper-string-parser-7.22.5.tgz"
  integrity sha1-Uz82RXolgUzx32SIUjrVR9eEqZ8=

"@babel/helper-validator-identifier@^7.22.5":
  version "7.22.5"
  resolved "http://npm.devops.xiaohongshu.com:7001/@babel/helper-validator-identifier/download/@babel/helper-validator-identifier-7.22.5.tgz"
  integrity sha1-lUTvajOZk0PIdA+lE1DzDuqq8ZM=

"@babel/helper-validator-option@^7.22.5":
  version "7.22.5"
  resolved "http://npm.devops.xiaohongshu.com:7001/@babel/helper-validator-option/download/@babel/helper-validator-option-7.22.5.tgz"
  integrity sha1-3lIAChWhd0E8gjT6Oor07oEC0Kw=

"@babel/helpers@^7.22.5":
  version "7.22.5"
  resolved "http://npm.devops.xiaohongshu.com:7001/@babel/helpers/download/@babel/helpers-7.22.5.tgz"
  integrity sha1-dLtDc+s5DRzu10oV75d2fmMSCCA=
  dependencies:
    "@babel/template" "^7.22.5"
    "@babel/traverse" "^7.22.5"
    "@babel/types" "^7.22.5"

"@babel/highlight@^7.22.5":
  version "7.22.5"
  resolved "http://npm.devops.xiaohongshu.com:7001/@babel/highlight/download/@babel/highlight-7.22.5.tgz"
  integrity sha1-qmwFxUB6Z+vOQIFit+3nibTSIDE=
  dependencies:
    "@babel/helper-validator-identifier" "^7.22.5"
    chalk "^2.0.0"
    js-tokens "^4.0.0"

"@babel/parser@^7.22.5":
  version "7.22.5"
  resolved "http://npm.devops.xiaohongshu.com:7001/@babel/parser/download/@babel/parser-7.22.5.tgz"
  integrity sha1-ch/QQvPOGJYjjPGzQcd+t97n2+o=

"@babel/plugin-syntax-jsx@^7.22.5":
  version "7.22.5"
  resolved "http://npm.devops.xiaohongshu.com:7001/@babel/plugin-syntax-jsx/download/@babel/plugin-syntax-jsx-7.22.5.tgz"
  integrity sha1-praOhPt251n8O5PpAYdv+rvh2Rg=
  dependencies:
    "@babel/helper-plugin-utils" "^7.22.5"

"@babel/plugin-transform-react-jsx-development@^7.16.7":
  version "7.22.5"
  resolved "http://npm.devops.xiaohongshu.com:7001/@babel/plugin-transform-react-jsx-development/download/@babel/plugin-transform-react-jsx-development-7.22.5.tgz"
  integrity sha1-5xa27b75cqkhZc1p2S8SVffnPoc=
  dependencies:
    "@babel/plugin-transform-react-jsx" "^7.22.5"

"@babel/plugin-transform-react-jsx-self@^7.16.7":
  version "7.21.0"
  resolved "http://npm.devops.xiaohongshu.com:7001/@babel/plugin-transform-react-jsx-self/download/@babel/plugin-transform-react-jsx-self-7.21.0.tgz"
  integrity sha1-7JjUqbqvxaHrOY2kz5Svu0AlSlQ=
  dependencies:
    "@babel/helper-plugin-utils" "^7.20.2"

"@babel/plugin-transform-react-jsx-source@^7.16.7":
  version "7.19.6"
  resolved "http://npm.devops.xiaohongshu.com:7001/@babel/plugin-transform-react-jsx-source/download/@babel/plugin-transform-react-jsx-source-7.19.6.tgz"
  integrity sha1-iFeK6DMeWIfozijkydyD+ynaC4Y=
  dependencies:
    "@babel/helper-plugin-utils" "^7.19.0"

"@babel/plugin-transform-react-jsx@^7.17.3", "@babel/plugin-transform-react-jsx@^7.22.5":
  version "7.22.5"
  resolved "http://npm.devops.xiaohongshu.com:7001/@babel/plugin-transform-react-jsx/download/@babel/plugin-transform-react-jsx-7.22.5.tgz"
  integrity sha1-kywpHrbdEVM1niqQy15Vfc8GhBY=
  dependencies:
    "@babel/helper-annotate-as-pure" "^7.22.5"
    "@babel/helper-module-imports" "^7.22.5"
    "@babel/helper-plugin-utils" "^7.22.5"
    "@babel/plugin-syntax-jsx" "^7.22.5"
    "@babel/types" "^7.22.5"

"@babel/template@^7.22.5":
  version "7.22.5"
  resolved "http://npm.devops.xiaohongshu.com:7001/@babel/template/download/@babel/template-7.22.5.tgz"
  integrity sha1-DIxNlEUJh1hJvQNE/wBQdW7vxuw=
  dependencies:
    "@babel/code-frame" "^7.22.5"
    "@babel/parser" "^7.22.5"
    "@babel/types" "^7.22.5"

"@babel/traverse@^7.22.5":
  version "7.22.5"
  resolved "http://npm.devops.xiaohongshu.com:7001/@babel/traverse/download/@babel/traverse-7.22.5.tgz"
  integrity sha1-RL0nZpDbb0lA/bhOHLSr0vcpzNE=
  dependencies:
    "@babel/code-frame" "^7.22.5"
    "@babel/generator" "^7.22.5"
    "@babel/helper-environment-visitor" "^7.22.5"
    "@babel/helper-function-name" "^7.22.5"
    "@babel/helper-hoist-variables" "^7.22.5"
    "@babel/helper-split-export-declaration" "^7.22.5"
    "@babel/parser" "^7.22.5"
    "@babel/types" "^7.22.5"
    debug "^4.1.0"
    globals "^11.1.0"

"@babel/types@^7.22.5":
  version "7.22.5"
  resolved "http://npm.devops.xiaohongshu.com:7001/@babel/types/download/@babel/types-7.22.5.tgz"
  integrity sha1-zZPuqrAliAo6R+yIH0sJalt4b74=
  dependencies:
    "@babel/helper-string-parser" "^7.22.5"
    "@babel/helper-validator-identifier" "^7.22.5"
    to-fast-properties "^2.0.0"

"@jridgewell/gen-mapping@^0.3.0", "@jridgewell/gen-mapping@^0.3.2":
  version "0.3.3"
  resolved "http://npm.devops.xiaohongshu.com:7001/@jridgewell/gen-mapping/download/@jridgewell/gen-mapping-0.3.3.tgz"
  integrity sha1-fgLm6135AartsIUUIDsJZhQCQJg=
  dependencies:
    "@jridgewell/set-array" "^1.0.1"
    "@jridgewell/sourcemap-codec" "^1.4.10"
    "@jridgewell/trace-mapping" "^0.3.9"

"@jridgewell/resolve-uri@3.1.0":
  version "3.1.0"
  resolved "http://npm.devops.xiaohongshu.com:7001/@jridgewell/resolve-uri/download/@jridgewell/resolve-uri-3.1.0.tgz"
  integrity sha1-IgOxGMFXchrd/mnUe3BGVGMGbXg=

"@jridgewell/set-array@^1.0.1":
  version "1.1.2"
  resolved "http://npm.devops.xiaohongshu.com:7001/@jridgewell/set-array/download/@jridgewell/set-array-1.1.2.tgz"
  integrity sha1-fGz5mNbSC5FMClWpGuko/yWWXnI=

"@jridgewell/sourcemap-codec@^1.4.10":
  version "1.4.15"
  resolved "http://npm.devops.xiaohongshu.com:7001/@jridgewell/sourcemap-codec/download/@jridgewell/sourcemap-codec-1.4.15.tgz"
  integrity sha1-18bmdVx4VnqVHgSrUu8P0m3lnzI=

"@jridgewell/sourcemap-codec@1.4.14":
  version "1.4.14"
  resolved "http://npm.devops.xiaohongshu.com:7001/@jridgewell/sourcemap-codec/download/@jridgewell/sourcemap-codec-1.4.14.tgz"
  integrity sha1-rdTJjTQUcqKJGQtCTvvbCWmRuyQ=

"@jridgewell/trace-mapping@^0.3.17", "@jridgewell/trace-mapping@^0.3.9":
  version "0.3.18"
  resolved "http://npm.devops.xiaohongshu.com:7001/@jridgewell/trace-mapping/download/@jridgewell/trace-mapping-0.3.18.tgz"
  integrity sha1-JXg7IIba9v8dy1PJJJrkgOTdTNY=
  dependencies:
    "@jridgewell/resolve-uri" "3.1.0"
    "@jridgewell/sourcemap-codec" "1.4.14"

"@rollup/pluginutils@^4.2.1":
  version "4.2.1"
  resolved "http://npm.devops.xiaohongshu.com:7001/@rollup/pluginutils/download/@rollup/pluginutils-4.2.1.tgz"
  integrity sha1-5sbDq6B0Ttzj+yB0ki03dsCvKm0=
  dependencies:
    estree-walker "^2.0.1"
    picomatch "^2.2.2"

"@types/prop-types@*":
  version "15.7.5"
  resolved "http://npm.devops.xiaohongshu.com:7001/@types/prop-types/download/@types/prop-types-15.7.5.tgz"
  integrity sha1-XxnSuFqY6VWANvajysyIGUIPBc8=

"@types/react-dom@^18.0.0":
  version "18.2.5"
  resolved "http://npm.devops.xiaohongshu.com:7001/@types/react-dom/download/@types/react-dom-18.2.5.tgz"
  integrity sha1-XF8TVIvaI82Y9QykpZEHI4v+GPM=
  dependencies:
    "@types/react" "*"

"@types/react@*", "@types/react@^18.0.0":
  version "18.2.12"
  resolved "http://npm.devops.xiaohongshu.com:7001/@types/react/download/@types/react-18.2.12.tgz"
  integrity sha1-ldWEM4YQt4u5ugQV4xgPsD3r35c=
  dependencies:
    "@types/prop-types" "*"
    "@types/scheduler" "*"
    csstype "^3.0.2"

"@types/scheduler@*":
  version "0.16.3"
  resolved "http://npm.devops.xiaohongshu.com:7001/@types/scheduler/download/@types/scheduler-0.16.3.tgz"
  integrity sha1-zvCePsmvHWPSpsxbODpzfiTm3PU=

"@vitejs/plugin-react@^1.3.0":
  version "1.3.2"
  resolved "http://npm.devops.xiaohongshu.com:7001/@vitejs/plugin-react/download/@vitejs/plugin-react-1.3.2.tgz"
  integrity sha1-L88LbOm83NTOxcdgwZl3nVZX7OE=
  dependencies:
    "@babel/core" "^7.17.10"
    "@babel/plugin-transform-react-jsx" "^7.17.3"
    "@babel/plugin-transform-react-jsx-development" "^7.16.7"
    "@babel/plugin-transform-react-jsx-self" "^7.16.7"
    "@babel/plugin-transform-react-jsx-source" "^7.16.7"
    "@rollup/pluginutils" "^4.2.1"
    react-refresh "^0.13.0"
    resolve "^1.22.0"

ansi-styles@^3.2.1:
  version "3.2.1"
  resolved "http://npm.devops.xiaohongshu.com:7001/ansi-styles/download/ansi-styles-3.2.1.tgz"
  integrity sha1-QfuyAkPlCxK+DwS43tvwdSDOhB0=
  dependencies:
    color-convert "^1.9.0"

anymatch@~3.1.2:
  version "3.1.3"
  resolved "http://npm.devops.xiaohongshu.com:7001/anymatch/download/anymatch-3.1.3.tgz"
  integrity sha1-eQxYsZuhcgqEIFtXxhjVrYUklz4=
  dependencies:
    normalize-path "^3.0.0"
    picomatch "^2.0.4"

binary-extensions@^2.0.0:
  version "2.2.0"
  resolved "http://npm.devops.xiaohongshu.com:7001/binary-extensions/download/binary-extensions-2.2.0.tgz"
  integrity sha1-dfUC7q+f/eQvyYgpZFvk6na9ni0=

braces@~3.0.2:
  version "3.0.2"
  resolved "http://npm.devops.xiaohongshu.com:7001/braces/download/braces-3.0.2.tgz"
  integrity sha1-NFThpGLujVmeI23zNs2epPiv4Qc=
  dependencies:
    fill-range "^7.0.1"

browserslist@^4.21.3, "browserslist@>= 4.21.0":
  version "4.21.7"
  resolved "http://npm.devops.xiaohongshu.com:7001/browserslist/download/browserslist-4.21.7.tgz"
  integrity sha1-4rQglH5fsKWOj0Zorm4jSIEn5VE=
  dependencies:
    caniuse-lite "^1.0.30001489"
    electron-to-chromium "^1.4.411"
    node-releases "^2.0.12"
    update-browserslist-db "^1.0.11"

caniuse-lite@^1.0.30001489:
  version "1.0.30001492"
  resolved "http://npm.devops.xiaohongshu.com:7001/caniuse-lite/download/caniuse-lite-1.0.30001492.tgz"
  integrity sha1-SgaGF4ilK0yB/TNEVztozIf+Bis=

chalk@^2.0.0:
  version "2.4.2"
  resolved "http://npm.devops.xiaohongshu.com:7001/chalk/download/chalk-2.4.2.tgz"
  integrity sha1-zUJUFnelQzPPVBpJEIwUMrRMlCQ=
  dependencies:
    ansi-styles "^3.2.1"
    escape-string-regexp "^1.0.5"
    supports-color "^5.3.0"

"chokidar@>=3.0.0 <4.0.0":
  version "3.5.3"
  resolved "http://npm.devops.xiaohongshu.com:7001/chokidar/download/chokidar-3.5.3.tgz"
  integrity sha1-HPN8hwe5Mr0a8a4iwEMuKs0ZA70=
  dependencies:
    anymatch "~3.1.2"
    braces "~3.0.2"
    glob-parent "~5.1.2"
    is-binary-path "~2.1.0"
    is-glob "~4.0.1"
    normalize-path "~3.0.0"
    readdirp "~3.6.0"
  optionalDependencies:
    fsevents "~2.3.2"

color-convert@^1.9.0:
  version "1.9.3"
  resolved "http://npm.devops.xiaohongshu.com:7001/color-convert/download/color-convert-1.9.3.tgz"
  integrity sha1-u3GFBpDh8TZWfeYp0tVHHe2kweg=
  dependencies:
    color-name "1.1.3"

color-name@1.1.3:
  version "1.1.3"
  resolved "http://npm.devops.xiaohongshu.com:7001/color-name/download/color-name-1.1.3.tgz"
  integrity sha1-p9BVi9icQveV3UIyj3QIMcpTvCU=

convert-source-map@^1.7.0:
  version "1.9.0"
  resolved "http://npm.devops.xiaohongshu.com:7001/convert-source-map/download/convert-source-map-1.9.0.tgz"
  integrity sha1-f6rmI1P7QhM2bQypg1jSLoNosF8=

csstype@^3.0.2:
  version "3.1.2"
  resolved "http://npm.devops.xiaohongshu.com:7001/csstype/download/csstype-3.1.2.tgz"
  integrity sha1-HUv51XLxHBQDHwQ24cELwfVx9Qs=

debug@^4.1.0:
  version "4.3.4"
  resolved "http://npm.devops.xiaohongshu.com:7001/debug/download/debug-4.3.4.tgz"
  integrity sha1-Exn2V5NX8jONMzfSzdSRS7XcyGU=
  dependencies:
    ms "2.1.2"

electron-to-chromium@^1.4.411:
  version "1.4.411"
  resolved "http://npm.devops.xiaohongshu.com:7001/electron-to-chromium/download/electron-to-chromium-1.4.411.tgz"
  integrity sha1-jLd4fwRC/LQglZDplRvbSCyqk7I=

esbuild-darwin-arm64@0.14.54:
  version "0.14.54"
  resolved "http://npm.devops.xiaohongshu.com:7001/esbuild-darwin-arm64/download/esbuild-darwin-arm64-0.14.54.tgz"
  integrity sha1-P3zbeIiO4F5IjSUKK9qrH6Zxv3M=

esbuild@^0.14.27:
  version "0.14.54"
  resolved "http://npm.devops.xiaohongshu.com:7001/esbuild/download/esbuild-0.14.54.tgz"
  integrity sha1-i0Tc8rDxpm/CJFmUPcz0d1NemqI=
  optionalDependencies:
    "@esbuild/linux-loong64" "0.14.54"
    esbuild-android-64 "0.14.54"
    esbuild-android-arm64 "0.14.54"
    esbuild-darwin-64 "0.14.54"
    esbuild-darwin-arm64 "0.14.54"
    esbuild-freebsd-64 "0.14.54"
    esbuild-freebsd-arm64 "0.14.54"
    esbuild-linux-32 "0.14.54"
    esbuild-linux-64 "0.14.54"
    esbuild-linux-arm "0.14.54"
    esbuild-linux-arm64 "0.14.54"
    esbuild-linux-mips64le "0.14.54"
    esbuild-linux-ppc64le "0.14.54"
    esbuild-linux-riscv64 "0.14.54"
    esbuild-linux-s390x "0.14.54"
    esbuild-netbsd-64 "0.14.54"
    esbuild-openbsd-64 "0.14.54"
    esbuild-sunos-64 "0.14.54"
    esbuild-windows-32 "0.14.54"
    esbuild-windows-64 "0.14.54"
    esbuild-windows-arm64 "0.14.54"

escalade@^3.1.1:
  version "3.1.1"
  resolved "http://npm.devops.xiaohongshu.com:7001/escalade/download/escalade-3.1.1.tgz"
  integrity sha1-2M/ccACWXFoBdLSoLqpcBVJ0LkA=

escape-string-regexp@^1.0.5:
  version "1.0.5"
  resolved "http://npm.devops.xiaohongshu.com:7001/escape-string-regexp/download/escape-string-regexp-1.0.5.tgz"
  integrity sha1-G2HAViGQqN/2rjuyzwIAyhMLhtQ=

estree-walker@^2.0.1:
  version "2.0.2"
  resolved "http://npm.devops.xiaohongshu.com:7001/estree-walker/download/estree-walker-2.0.2.tgz"
  integrity sha1-UvAQF4wqTBF6d1fP6UKtt9LaTKw=

fill-range@^7.0.1:
  version "7.0.1"
  resolved "http://npm.devops.xiaohongshu.com:7001/fill-range/download/fill-range-7.0.1.tgz"
  integrity sha1-GRmmp8df44ssfHflGYU12prN2kA=
  dependencies:
    to-regex-range "^5.0.1"

fsevents@~2.3.2:
  version "2.3.2"
  resolved "http://npm.devops.xiaohongshu.com:7001/fsevents/download/fsevents-2.3.2.tgz"
  integrity sha1-ilJveLj99GI7cJ4Ll1xSwkwC/Ro=

function-bind@^1.1.1:
  version "1.1.1"
  resolved "http://npm.devops.xiaohongshu.com:7001/function-bind/download/function-bind-1.1.1.tgz"
  integrity sha1-pWiZ0+o8m6uHS7l3O3xe3pL0iV0=

gensync@^1.0.0-beta.2:
  version "1.0.0-beta.2"
  resolved "http://npm.devops.xiaohongshu.com:7001/gensync/download/gensync-1.0.0-beta.2.tgz"
  integrity sha1-MqbudsPX9S1GsrGuXZP+qFgKJeA=

glob-parent@~5.1.2:
  version "5.1.2"
  resolved "http://npm.devops.xiaohongshu.com:7001/glob-parent/download/glob-parent-5.1.2.tgz"
  integrity sha1-hpgyxYA0/mikCTwX3BXoNA2EAcQ=
  dependencies:
    is-glob "^4.0.1"

globals@^11.1.0:
  version "11.12.0"
  resolved "http://npm.devops.xiaohongshu.com:7001/globals/download/globals-11.12.0.tgz"
  integrity sha1-q4eVM4hooLq9hSV1gBjCp+uVxC4=

has-flag@^3.0.0:
  version "3.0.0"
  resolved "http://npm.devops.xiaohongshu.com:7001/has-flag/download/has-flag-3.0.0.tgz"
  integrity sha1-tdRU3CGZriJWmfNGfloH87lVuv0=

has@^1.0.3:
  version "1.0.3"
  resolved "http://npm.devops.xiaohongshu.com:7001/has/download/has-1.0.3.tgz"
  integrity sha1-ci18v8H2qoJB8W3YFOAR4fQeh5Y=
  dependencies:
    function-bind "^1.1.1"

immutable@^4.0.0:
  version "4.3.0"
  resolved "http://npm.devops.xiaohongshu.com:7001/immutable/download/immutable-4.3.0.tgz"
  integrity sha1-6xc48U/7Of0Gix2+EpYRdITdNL4=

is-binary-path@~2.1.0:
  version "2.1.0"
  resolved "http://npm.devops.xiaohongshu.com:7001/is-binary-path/download/is-binary-path-2.1.0.tgz"
  integrity sha1-6h9/O4DwZCNug0cPhsCcJU+0Wwk=
  dependencies:
    binary-extensions "^2.0.0"

is-core-module@^2.11.0:
  version "2.12.1"
  resolved "http://npm.devops.xiaohongshu.com:7001/is-core-module/download/is-core-module-2.12.1.tgz"
  integrity sha1-DAtohbb4ABHHFUHOFcjWbPWk+f0=
  dependencies:
    has "^1.0.3"

is-extglob@^2.1.1:
  version "2.1.1"
  resolved "http://npm.devops.xiaohongshu.com:7001/is-extglob/download/is-extglob-2.1.1.tgz"
  integrity sha1-qIwCU1eR8C7TfHahueqXc8gz+MI=

is-glob@^4.0.1, is-glob@~4.0.1:
  version "4.0.3"
  resolved "http://npm.devops.xiaohongshu.com:7001/is-glob/download/is-glob-4.0.3.tgz"
  integrity sha1-ZPYeQsu7LuwgcanawLKLoeZdUIQ=
  dependencies:
    is-extglob "^2.1.1"

is-number@^7.0.0:
  version "7.0.0"
  resolved "http://npm.devops.xiaohongshu.com:7001/is-number/download/is-number-7.0.0.tgz"
  integrity sha1-dTU0W4lnNNX4DE0GxQlVUnoU8Ss=

"js-tokens@^3.0.0 || ^4.0.0", js-tokens@^4.0.0:
  version "4.0.0"
  resolved "http://npm.devops.xiaohongshu.com:7001/js-tokens/download/js-tokens-4.0.0.tgz"
  integrity sha1-GSA/tZmR35jjoocFDUZHzerzJJk=

jsesc@^2.5.1:
  version "2.5.2"
  resolved "http://npm.devops.xiaohongshu.com:7001/jsesc/download/jsesc-2.5.2.tgz"
  integrity sha1-gFZNLkg9rPbo7yCWUKZ98/DCg6Q=

json5@^2.2.2:
  version "2.2.3"
  resolved "http://npm.devops.xiaohongshu.com:7001/json5/download/json5-2.2.3.tgz"
  integrity sha1-eM1vGhm9wStz21rQxh79ZsHikoM=

loose-envify@^1.1.0:
  version "1.4.0"
  resolved "http://npm.devops.xiaohongshu.com:7001/loose-envify/download/loose-envify-1.4.0.tgz"
  integrity sha1-ce5R+nvkyuwaY4OffmgtgTLTDK8=
  dependencies:
    js-tokens "^3.0.0 || ^4.0.0"

lru-cache@^5.1.1:
  version "5.1.1"
  resolved "http://npm.devops.xiaohongshu.com:7001/lru-cache/download/lru-cache-5.1.1.tgz"
  integrity sha1-HaJ+ZxAnGUdpXa9oSOhH8B2EuSA=
  dependencies:
    yallist "^3.0.2"

ms@2.1.2:
  version "2.1.2"
  resolved "http://npm.devops.xiaohongshu.com:7001/ms/download/ms-2.1.2.tgz"
  integrity sha1-0J0fNXtEP0kzgqjrPM0YOHKuYAk=

nanoid@^3.3.6:
  version "3.3.6"
  resolved "http://npm.devops.xiaohongshu.com:7001/nanoid/download/nanoid-3.3.6.tgz"
  integrity sha1-RDOAyFbW6fmCQmfZYLQjatWD6kw=

node-releases@^2.0.12:
  version "2.0.12"
  resolved "http://npm.devops.xiaohongshu.com:7001/node-releases/download/node-releases-2.0.12.tgz"
  integrity sha1-NWJ8wiSiO/sG+zOA8rOvqqfrEDk=

normalize-path@^3.0.0, normalize-path@~3.0.0:
  version "3.0.0"
  resolved "http://npm.devops.xiaohongshu.com:7001/normalize-path/download/normalize-path-3.0.0.tgz"
  integrity sha1-Dc1p/yOhybEf0JeDFmRKA4ghamU=

path-parse@^1.0.7:
  version "1.0.7"
  resolved "http://npm.devops.xiaohongshu.com:7001/path-parse/download/path-parse-1.0.7.tgz"
  integrity sha1-+8EUtgykKzDZ2vWFjkvWi77bZzU=

picocolors@^1.0.0:
  version "1.0.0"
  resolved "http://npm.devops.xiaohongshu.com:7001/picocolors/download/picocolors-1.0.0.tgz"
  integrity sha1-y1vcdP8/UYkiNur3nWi8RFZKuBw=

picomatch@^2.0.4, picomatch@^2.2.1, picomatch@^2.2.2:
  version "2.3.1"
  resolved "http://npm.devops.xiaohongshu.com:7001/picomatch/download/picomatch-2.3.1.tgz"
  integrity sha1-O6ODNzNkbZ0+SZWUbBNlpn+wekI=

postcss@^8.4.13:
  version "8.4.24"
  resolved "http://npm.devops.xiaohongshu.com:7001/postcss/download/postcss-8.4.24.tgz"
  integrity sha1-9xTbqbIoS+PMB9vS/FfuTcly0t8=
  dependencies:
    nanoid "^3.3.6"
    picocolors "^1.0.0"
    source-map-js "^1.0.2"

react-dom@^18.0.0:
  version "18.2.0"
  resolved "http://npm.devops.xiaohongshu.com:7001/react-dom/download/react-dom-18.2.0.tgz"
  integrity sha1-IqrzhwjbJnTtmtoiTKSqcI2CHj0=
  dependencies:
    loose-envify "^1.1.0"
    scheduler "^0.23.0"

react-refresh@^0.13.0:
  version "0.13.0"
  resolved "http://npm.devops.xiaohongshu.com:7001/react-refresh/download/react-refresh-0.13.0.tgz"
  integrity sha1-y9AaRIKhd6XajUTJdV67HybVocE=

react@^18.0.0, react@^18.2.0:
  version "18.2.0"
  resolved "http://npm.devops.xiaohongshu.com:7001/react/download/react-18.2.0.tgz"
  integrity sha1-VVvZhZKIMlX6AN4U8RUakXtdd9U=
  dependencies:
    loose-envify "^1.1.0"

readdirp@~3.6.0:
  version "3.6.0"
  resolved "http://npm.devops.xiaohongshu.com:7001/readdirp/download/readdirp-3.6.0.tgz"
  integrity sha1-dKNwvYVxFuJFspzJc0DNQxoCpsc=
  dependencies:
    picomatch "^2.2.1"

resolve@^1.22.0:
  version "1.22.2"
  resolved "http://npm.devops.xiaohongshu.com:7001/resolve/download/resolve-1.22.2.tgz"
  integrity sha1-DtCUPU4wGGeVV2bJ8+GubQHGhF8=
  dependencies:
    is-core-module "^2.11.0"
    path-parse "^1.0.7"
    supports-preserve-symlinks-flag "^1.0.0"

"rollup@>=2.59.0 <2.78.0":
  version "2.77.3"
  resolved "http://npm.devops.xiaohongshu.com:7001/rollup/download/rollup-2.77.3.tgz"
  integrity sha1-jwBBjTonQANuFd62U77RqQ7gzBI=
  optionalDependencies:
    fsevents "~2.3.2"

sass@*, sass@^1.63.3:
  version "1.63.3"
  resolved "http://npm.devops.xiaohongshu.com:7001/sass/download/sass-1.63.3.tgz"
  integrity sha1-UndGqkO/Lk6sGrQk9n9vGKCBBho=
  dependencies:
    chokidar ">=3.0.0 <4.0.0"
    immutable "^4.0.0"
    source-map-js ">=0.6.2 <2.0.0"

scheduler@^0.23.0:
  version "0.23.0"
  resolved "http://npm.devops.xiaohongshu.com:7001/scheduler/download/scheduler-0.23.0.tgz"
  integrity sha1-uoBBr8PTDrIGpIe2s4QALk5h/f4=
  dependencies:
    loose-envify "^1.1.0"

semver@^6.3.0:
  version "6.3.0"
  resolved "http://npm.devops.xiaohongshu.com:7001/semver/download/semver-6.3.0.tgz"
  integrity sha1-7gpkyK9ejO6mdoexM3YeG+y9HT0=

source-map-js@^1.0.2, "source-map-js@>=0.6.2 <2.0.0":
  version "1.0.2"
  resolved "http://npm.devops.xiaohongshu.com:7001/source-map-js/download/source-map-js-1.0.2.tgz"
  integrity sha1-rbw2HZxi3zgBJefxYfccgm8eSQw=

supports-color@^5.3.0:
  version "5.5.0"
  resolved "http://npm.devops.xiaohongshu.com:7001/supports-color/download/supports-color-5.5.0.tgz"
  integrity sha1-4uaaRKyHcveKHsCzW2id9lMO/I8=
  dependencies:
    has-flag "^3.0.0"

supports-preserve-symlinks-flag@^1.0.0:
  version "1.0.0"
  resolved "http://npm.devops.xiaohongshu.com:7001/supports-preserve-symlinks-flag/download/supports-preserve-symlinks-flag-1.0.0.tgz"
  integrity sha1-btpL00SjyUrqN21MwxvHcxEDngk=

to-fast-properties@^2.0.0:
  version "2.0.0"
  resolved "http://npm.devops.xiaohongshu.com:7001/to-fast-properties/download/to-fast-properties-2.0.0.tgz"
  integrity sha1-3F5pjL0HkmW8c+A3doGk5Og/YW4=

to-regex-range@^5.0.1:
  version "5.0.1"
  resolved "http://npm.devops.xiaohongshu.com:7001/to-regex-range/download/to-regex-range-5.0.1.tgz"
  integrity sha1-FkjESq58jZiKMmAY7XL1tN0DkuQ=
  dependencies:
    is-number "^7.0.0"

typescript@^4.6.3:
  version "4.9.5"
  resolved "http://npm.devops.xiaohongshu.com:7001/typescript/download/typescript-4.9.5.tgz"
  integrity sha1-CVl5+bzA0J2jJNWNA86Pg3TL5lo=

update-browserslist-db@^1.0.11:
  version "1.0.11"
  resolved "http://npm.devops.xiaohongshu.com:7001/update-browserslist-db/download/update-browserslist-db-1.0.11.tgz"
  integrity sha1-mipkGtKQeuezYWUG9Ll3hR21uUA=
  dependencies:
    escalade "^3.1.1"
    picocolors "^1.0.0"

vite@^2.9.9:
  version "2.9.16"
  resolved "http://npm.devops.xiaohongshu.com:7001/vite/download/vite-2.9.16.tgz"
  integrity sha1-2ve6UPXMN6e/UbEYuga8Nul4mOk=
  dependencies:
    esbuild "^0.14.27"
    postcss "^8.4.13"
    resolve "^1.22.0"
    rollup ">=2.59.0 <2.78.0"
  optionalDependencies:
    fsevents "~2.3.2"

yallist@^3.0.2:
  version "3.1.1"
  resolved "http://npm.devops.xiaohongshu.com:7001/yallist/download/yallist-3.1.1.tgz"
  integrity sha1-27fa+b/YusmrRev2ArjLrQ1dCP0=
